
Microsoft Visual Studio Solution File, Format Version 12.00
Project("{FAE04EC0-301F-11D3-BF4B-00C04F79EFBC}") = "Ministrate.Platform.Domain", "src\core\Ministrate.Platform.Domain\Ministrate.Platform.Domain.csproj", "{722F4F94-2A62-4EB3-B6ED-95AE3253F5FA}"
EndProject
Project("{2150E333-8FDC-42A3-9474-1A3956D46DE8}") = "src", "src", "{3343707B-9BA7-4109-A2E1-9C55DB9FA8B2}"
EndProject
Project("{2150E333-8FDC-42A3-9474-1A3956D46DE8}") = "tests", "tests", "{8BE4A0B0-EB0C-4EAB-A734-EC75837809FF}"
EndProject
Project("{2150E333-8FDC-42A3-9474-1A3956D46DE8}") = "core", "core", "{32C81F29-AF5D-4990-939B-7474049046B9}"
EndProject
Project("{2150E333-8FDC-42A3-9474-1A3956D46DE8}") = "api", "api", "{0B8604D1-520D-4312-88E0-2903401F0523}"
EndProject
Project("{2150E333-8FDC-42A3-9474-1A3956D46DE8}") = "ui", "ui", "{7A980E72-15FE-43FB-BDB0-767DC26B1EF4}"
EndProject
Project("{2150E333-8FDC-42A3-9474-1A3956D46DE8}") = "infrastructure", "infrastructure", "{17495BC4-AA91-48F0-BD88-BBF773D8B98F}"
EndProject
Project("{FAE04EC0-301F-11D3-BF4B-00C04F79EFBC}") = "Ministrate.Platform.API", "src\api\Ministrate.Platform.API\Ministrate.Platform.API.csproj", "{DCBAA173-3B4F-4A98-9AC7-899F41CDA54D}"
EndProject
Project("{FAE04EC0-301F-11D3-BF4B-00C04F79EFBC}") = "Ministrate.Platform.Identity", "src\infrastructure\Ministrate.Platform.Identity\Ministrate.Platform.Identity.csproj", "{68EA2D58-DC1D-49EF-84FD-1A14E5B20D41}"
EndProject
Project("{FAE04EC0-301F-11D3-BF4B-00C04F79EFBC}") = "Ministrate.Platform.Infrastructure", "src\infrastructure\Ministrate.Platform.Infrastructure\Ministrate.Platform.Infrastructure.csproj", "{BE3BA57A-86E6-4906-A741-7ADC992DBC0C}"
EndProject
Project("{FAE04EC0-301F-11D3-BF4B-00C04F79EFBC}") = "Ministrate.Platform.Persistence", "src\infrastructure\Ministrate.Platform.Persistence\Ministrate.Platform.Persistence.csproj", "{8716DC87-8AB9-4546-8E64-5BB588EC2C53}"
EndProject
Project("{FAE04EC0-301F-11D3-BF4B-00C04F79EFBC}") = "Ministrate.Platform.BlazorServer", "src\ui\Ministrate.Platform.BlazorServer\Ministrate.Platform.BlazorServer.csproj", "{178D52EF-F8CA-48AA-AD49-DA0362147D7B}"
EndProject
Project("{FAE04EC0-301F-11D3-BF4B-00C04F79EFBC}") = "Ministrate.Platform.Application", "src\core\Ministrate.Platform.Application\Ministrate.Platform.Application.csproj", "{DE8EB433-63D1-458D-8419-6ED0EACBC70D}"
EndProject
Global
	GlobalSection(SolutionConfigurationPlatforms) = preSolution
		Debug|Any CPU = Debug|Any CPU
		Release|Any CPU = Release|Any CPU
	EndGlobalSection
	GlobalSection(ProjectConfigurationPlatforms) = postSolution
		{722F4F94-2A62-4EB3-B6ED-95AE3253F5FA}.Debug|Any CPU.ActiveCfg = Debug|Any CPU
		{722F4F94-2A62-4EB3-B6ED-95AE3253F5FA}.Debug|Any CPU.Build.0 = Debug|Any CPU
		{722F4F94-2A62-4EB3-B6ED-95AE3253F5FA}.Release|Any CPU.ActiveCfg = Release|Any CPU
		{722F4F94-2A62-4EB3-B6ED-95AE3253F5FA}.Release|Any CPU.Build.0 = Release|Any CPU
		{DCBAA173-3B4F-4A98-9AC7-899F41CDA54D}.Debug|Any CPU.ActiveCfg = Debug|Any CPU
		{DCBAA173-3B4F-4A98-9AC7-899F41CDA54D}.Debug|Any CPU.Build.0 = Debug|Any CPU
		{DCBAA173-3B4F-4A98-9AC7-899F41CDA54D}.Release|Any CPU.ActiveCfg = Release|Any CPU
		{DCBAA173-3B4F-4A98-9AC7-899F41CDA54D}.Release|Any CPU.Build.0 = Release|Any CPU
		{68EA2D58-DC1D-49EF-84FD-1A14E5B20D41}.Debug|Any CPU.ActiveCfg = Debug|Any CPU
		{68EA2D58-DC1D-49EF-84FD-1A14E5B20D41}.Debug|Any CPU.Build.0 = Debug|Any CPU
		{68EA2D58-DC1D-49EF-84FD-1A14E5B20D41}.Release|Any CPU.ActiveCfg = Release|Any CPU
		{68EA2D58-DC1D-49EF-84FD-1A14E5B20D41}.Release|Any CPU.Build.0 = Release|Any CPU
		{BE3BA57A-86E6-4906-A741-7ADC992DBC0C}.Debug|Any CPU.ActiveCfg = Debug|Any CPU
		{BE3BA57A-86E6-4906-A741-7ADC992DBC0C}.Debug|Any CPU.Build.0 = Debug|Any CPU
		{BE3BA57A-86E6-4906-A741-7ADC992DBC0C}.Release|Any CPU.ActiveCfg = Release|Any CPU
		{BE3BA57A-86E6-4906-A741-7ADC992DBC0C}.Release|Any CPU.Build.0 = Release|Any CPU
		{8716DC87-8AB9-4546-8E64-5BB588EC2C53}.Debug|Any CPU.ActiveCfg = Debug|Any CPU
		{8716DC87-8AB9-4546-8E64-5BB588EC2C53}.Debug|Any CPU.Build.0 = Debug|Any CPU
		{8716DC87-8AB9-4546-8E64-5BB588EC2C53}.Release|Any CPU.ActiveCfg = Release|Any CPU
		{8716DC87-8AB9-4546-8E64-5BB588EC2C53}.Release|Any CPU.Build.0 = Release|Any CPU
		{178D52EF-F8CA-48AA-AD49-DA0362147D7B}.Debug|Any CPU.ActiveCfg = Debug|Any CPU
		{178D52EF-F8CA-48AA-AD49-DA0362147D7B}.Debug|Any CPU.Build.0 = Debug|Any CPU
		{178D52EF-F8CA-48AA-AD49-DA0362147D7B}.Release|Any CPU.ActiveCfg = Release|Any CPU
		{178D52EF-F8CA-48AA-AD49-DA0362147D7B}.Release|Any CPU.Build.0 = Release|Any CPU
		{DE8EB433-63D1-458D-8419-6ED0EACBC70D}.Debug|Any CPU.ActiveCfg = Debug|Any CPU
		{DE8EB433-63D1-458D-8419-6ED0EACBC70D}.Debug|Any CPU.Build.0 = Debug|Any CPU
		{DE8EB433-63D1-458D-8419-6ED0EACBC70D}.Release|Any CPU.ActiveCfg = Release|Any CPU
		{DE8EB433-63D1-458D-8419-6ED0EACBC70D}.Release|Any CPU.Build.0 = Release|Any CPU
	EndGlobalSection
	GlobalSection(NestedProjects) = preSolution
		{32C81F29-AF5D-4990-939B-7474049046B9} = {3343707B-9BA7-4109-A2E1-9C55DB9FA8B2}
		{0B8604D1-520D-4312-88E0-2903401F0523} = {3343707B-9BA7-4109-A2E1-9C55DB9FA8B2}
		{7A980E72-15FE-43FB-BDB0-767DC26B1EF4} = {3343707B-9BA7-4109-A2E1-9C55DB9FA8B2}
		{17495BC4-AA91-48F0-BD88-BBF773D8B98F} = {3343707B-9BA7-4109-A2E1-9C55DB9FA8B2}
		{DCBAA173-3B4F-4A98-9AC7-899F41CDA54D} = {0B8604D1-520D-4312-88E0-2903401F0523}
		{722F4F94-2A62-4EB3-B6ED-95AE3253F5FA} = {32C81F29-AF5D-4990-939B-7474049046B9}
		{68EA2D58-DC1D-49EF-84FD-1A14E5B20D41} = {17495BC4-AA91-48F0-BD88-BBF773D8B98F}
		{BE3BA57A-86E6-4906-A741-7ADC992DBC0C} = {17495BC4-AA91-48F0-BD88-BBF773D8B98F}
		{8716DC87-8AB9-4546-8E64-5BB588EC2C53} = {17495BC4-AA91-48F0-BD88-BBF773D8B98F}
		{178D52EF-F8CA-48AA-AD49-DA0362147D7B} = {7A980E72-15FE-43FB-BDB0-767DC26B1EF4}
		{DE8EB433-63D1-458D-8419-6ED0EACBC70D} = {32C81F29-AF5D-4990-939B-7474049046B9}
	EndGlobalSection
EndGlobal
